// !$*UTF8*$!
{
	archiveVersion = 1;
	classes = {
	};
	objectVersion = 50;
	objects = {

/* Begin PBXBuildFile section */
		0603486722C3ECE9005350E2 /* AppDelegate.m in Sources */ = {isa = PBXBuildFile; fileRef = 0603486622C3ECE9005350E2 /* AppDelegate.m */; };
		0603486A22C3ECE9005350E2 /* ViewController.m in Sources */ = {isa = PBXBuildFile; fileRef = 0603486922C3ECE9005350E2 /* ViewController.m */; };
		0603486D22C3ECE9005350E2 /* Main.storyboard in Resources */ = {isa = PBXBuildFile; fileRef = 0603486B22C3ECE9005350E2 /* Main.storyboard */; };
		0603486F22C3ECEA005350E2 /* Assets.xcassets in Resources */ = {isa = PBXBuildFile; fileRef = 0603486E22C3ECEA005350E2 /* Assets.xcassets */; };
		0603487222C3ECEA005350E2 /* LaunchScreen.storyboard in Resources */ = {isa = PBXBuildFile; fileRef = 0603487022C3ECEA005350E2 /* LaunchScreen.storyboard */; };
		0603487522C3ECEA005350E2 /* main.m in Sources */ = {isa = PBXBuildFile; fileRef = 0603487422C3ECEA005350E2 /* main.m */; };
		0603487F22C3ECEA005350E2 /* FlixTests.m in Sources */ = {isa = PBXBuildFile; fileRef = 0603487E22C3ECEA005350E2 /* FlixTests.m */; };
		0603488A22C3ECEA005350E2 /* FlixUITests.m in Sources */ = {isa = PBXBuildFile; fileRef = 0603488922C3ECEA005350E2 /* FlixUITests.m */; };
/* End PBXBuildFile section */

/* Begin PBXContainerItemProxy section */
		0603487B22C3ECEA005350E2 /* PBXContainerItemProxy */ = {
			isa = PBXContainerItemProxy;
			containerPortal = 0603485A22C3ECE9005350E2 /* Project object */;
			proxyType = 1;
			remoteGlobalIDString = 0603486122C3ECE9005350E2;
			remoteInfo = Flix;
		};
		0603488622C3ECEA005350E2 /* PBXContainerItemProxy */ = {
			isa = PBXContainerItemProxy;
			containerPortal = 0603485A22C3ECE9005350E2 /* Project object */;
			proxyType = 1;
			remoteGlobalIDString = 0603486122C3ECE9005350E2;
			remoteInfo = Flix;
		};
/* End PBXContainerItemProxy section */

/* Begin PBXFileReference section */
		0603486222C3ECE9005350E2 /* Flix.app */ = {isa = PBXFileReference; explicitFileType = wrapper.application; includeInIndex = 0; path = Flix.app; sourceTree = BUILT_PRODUCTS_DIR; };
		0603486522C3ECE9005350E2 /* AppDelegate.h */ = {isa = PBXFileReference; lastKnownFileType = sourcecode.c.h; path = AppDelegate.h; sourceTree = "<group>"; };
		0603486622C3ECE9005350E2 /* AppDelegate.m */ = {isa = PBXFileReference; lastKnownFileType = sourcecode.c.objc; path = AppDelegate.m; sourceTree = "<group>"; };
		0603486822C3ECE9005350E2 /* ViewController.h */ = {isa = PBXFileReference; lastKnownFileType = sourcecode.c.h; path = ViewController.h; sourceTree = "<group>"; };
		0603486922C3ECE9005350E2 /* ViewController.m */ = {isa = PBXFileReference; lastKnownFileType = sourcecode.c.objc; path = ViewController.m; sourceTree = "<group>"; };
		0603486C22C3ECE9005350E2 /* Base */ = {isa = PBXFileReference; lastKnownFileType = file.storyboard; name = Base; path = Base.lproj/Main.storyboard; sourceTree = "<group>"; };
		0603486E22C3ECEA005350E2 /* Assets.xcassets */ = {isa = PBXFileReference; lastKnownFileType = folder.assetcatalog; path = Assets.xcassets; sourceTree = "<group>"; };
		0603487122C3ECEA005350E2 /* Base */ = {isa = PBXFileReference; lastKnownFileType = file.storyboard; name = Base; path = Base.lproj/LaunchScreen.storyboard; sourceTree = "<group>"; };
		0603487322C3ECEA005350E2 /* Info.plist */ = {isa = PBXFileReference; lastKnownFileType = text.plist.xml; path = Info.plist; sourceTree = "<group>"; };
		0603487422C3ECEA005350E2 /* main.m */ = {isa = PBXFileReference; lastKnownFileType = sourcecode.c.objc; path = main.m; sourceTree = "<group>"; };
		0603487A22C3ECEA005350E2 /* FlixTests.xctest */ = {isa = PBXFileReference; explicitFileType = wrapper.cfbundle; includeInIndex = 0; path = FlixTests.xctest; sourceTree = BUILT_PRODUCTS_DIR; };
		0603487E22C3ECEA005350E2 /* FlixTests.m */ = {isa = PBXFileReference; lastKnownFileType = sourcecode.c.objc; path = FlixTests.m; sourceTree = "<group>"; };
		0603488022C3ECEA005350E2 /* Info.plist */ = {isa = PBXFileReference; lastKnownFileType = text.plist.xml; path = Info.plist; sourceTree = "<group>"; };
		0603488522C3ECEA005350E2 /* FlixUITests.xctest */ = {isa = PBXFileReference; explicitFileType = wrapper.cfbundle; includeInIndex = 0; path = FlixUITests.xctest; sourceTree = BUILT_PRODUCTS_DIR; };
		0603488922C3ECEA005350E2 /* FlixUITests.m */ = {isa = PBXFileReference; lastKnownFileType = sourcecode.c.objc; path = FlixUITests.m; sourceTree = "<group>"; };
		0603488B22C3ECEA005350E2 /* Info.plist */ = {isa = PBXFileReference; lastKnownFileType = text.plist.xml; path = Info.plist; sourceTree = "<group>"; };
/* End PBXFileReference section */

/* Begin PBXFrameworksBuildPhase section */
		0603485F22C3ECE9005350E2 /* Frameworks */ = {
			isa = PBXFrameworksBuildPhase;
			buildActionMask = 2147483647;
			files = (
			);
			runOnlyForDeploymentPostprocessing = 0;
		};
		0603487722C3ECEA005350E2 /* Frameworks */ = {
			isa = PBXFrameworksBuildPhase;
			buildActionMask = 2147483647;
			files = (
			);
			runOnlyForDeploymentPostprocessing = 0;
		};
		0603488222C3ECEA005350E2 /* Frameworks */ = {
			isa = PBXFrameworksBuildPhase;
			buildActionMask = 2147483647;
			files = (
			);
			runOnlyForDeploymentPostprocessing = 0;
		};
/* End PBXFrameworksBuildPhase section */

/* Begin PBXGroup section */
		0603485922C3ECE9005350E2 = {
			isa = PBXGroup;
			children = (
				0603486422C3ECE9005350E2 /* Flix */,
				0603487D22C3ECEA005350E2 /* FlixTests */,
				0603488822C3ECEA005350E2 /* FlixUITests */,
				0603486322C3ECE9005350E2 /* Products */,
			);
			sourceTree = "<group>";
		};
		0603486322C3ECE9005350E2 /* Products */ = {
			isa = PBXGroup;
			children = (
				0603486222C3ECE9005350E2 /* Flix.app */,
				0603487A22C3ECEA005350E2 /* FlixTests.xctest */,
				0603488522C3ECEA005350E2 /* FlixUITests.xctest */,
			);
			name = Products;
			sourceTree = "<group>";
		};
		0603486422C3ECE9005350E2 /* Flix */ = {
			isa = PBXGroup;
			children = (
				0603486522C3ECE9005350E2 /* AppDelegate.h */,
				0603486622C3ECE9005350E2 /* AppDelegate.m */,
				0603486822C3ECE9005350E2 /* ViewController.h */,
				0603486922C3ECE9005350E2 /* ViewController.m */,
				0603486B22C3ECE9005350E2 /* Main.storyboard */,
				0603486E22C3ECEA005350E2 /* Assets.xcassets */,
				0603487022C3ECEA005350E2 /* LaunchScreen.storyboard */,
				0603487322C3ECEA005350E2 /* Info.plist */,
				0603487422C3ECEA005350E2 /* main.m */,
			);
			path = Flix;
			sourceTree = "<group>";
		};
		0603487D22C3ECEA005350E2 /* FlixTests */ = {
			isa = PBXGroup;
			children = (
				0603487E22C3ECEA005350E2 /* FlixTests.m */,
				0603488022C3ECEA005350E2 /* Info.plist */,
			);
			path = FlixTests;
			sourceTree = "<group>";
		};
		0603488822C3ECEA005350E2 /* FlixUITests */ = {
			isa = PBXGroup;
			children = (
				0603488922C3ECEA005350E2 /* FlixUITests.m */,
				0603488B22C3ECEA005350E2 /* Info.plist */,
			);
			path = FlixUITests;
			sourceTree = "<group>";
		};
/* End PBXGroup section */

/* Begin PBXNativeTarget section */
		0603486122C3ECE9005350E2 /* Flix */ = {
			isa = PBXNativeTarget;
			buildConfigurationList = 0603488E22C3ECEA005350E2 /* Build configuration list for PBXNativeTarget "Flix" */;
			buildPhases = (
				0603485E22C3ECE9005350E2 /* Sources */,
				0603485F22C3ECE9005350E2 /* Frameworks */,
				0603486022C3ECE9005350E2 /* Resources */,
			);
			buildRules = (
			);
			dependencies = (
			);
			name = Flix;
			productName = Flix;
			productReference = 0603486222C3ECE9005350E2 /* Flix.app */;
			productType = "com.apple.product-type.application";
		};
		0603487922C3ECEA005350E2 /* FlixTests */ = {
			isa = PBXNativeTarget;
			buildConfigurationList = 0603489122C3ECEA005350E2 /* Build configuration list for PBXNativeTarget "FlixTests" */;
			buildPhases = (
				0603487622C3ECEA005350E2 /* Sources */,
				0603487722C3ECEA005350E2 /* Frameworks */,
				0603487822C3ECEA005350E2 /* Resources */,
			);
			buildRules = (
			);
			dependencies = (
				0603487C22C3ECEA005350E2 /* PBXTargetDependency */,
			);
			name = FlixTests;
			productName = FlixTests;
			productReference = 0603487A22C3ECEA005350E2 /* FlixTests.xctest */;
			productType = "com.apple.product-type.bundle.unit-test";
		};
		0603488422C3ECEA005350E2 /* FlixUITests */ = {
			isa = PBXNativeTarget;
			buildConfigurationList = 0603489422C3ECEA005350E2 /* Build configuration list for PBXNativeTarget "FlixUITests" */;
			buildPhases = (
				0603488122C3ECEA005350E2 /* Sources */,
				0603488222C3ECEA005350E2 /* Frameworks */,
				0603488322C3ECEA005350E2 /* Resources */,
			);
			buildRules = (
			);
			dependencies = (
				0603488722C3ECEA005350E2 /* PBXTargetDependency */,
			);
			name = FlixUITests;
			productName = FlixUITests;
			productReference = 0603488522C3ECEA005350E2 /* FlixUITests.xctest */;
			productType = "com.apple.product-type.bundle.ui-testing";
		};
/* End PBXNativeTarget section */

/* Begin PBXProject section */
		0603485A22C3ECE9005350E2 /* Project object */ = {
			isa = PBXProject;
			attributes = {
				LastUpgradeCheck = 1020;
				ORGANIZATIONNAME = ezietz;
				TargetAttributes = {
					0603486122C3ECE9005350E2 = {
						CreatedOnToolsVersion = 10.2.1;
					};
					0603487922C3ECEA005350E2 = {
						CreatedOnToolsVersion = 10.2.1;
						TestTargetID = 0603486122C3ECE9005350E2;
					};
					0603488422C3ECEA005350E2 = {
						CreatedOnToolsVersion = 10.2.1;
						TestTargetID = 0603486122C3ECE9005350E2;
					};
				};
			};
			buildConfigurationList = 0603485D22C3ECE9005350E2 /* Build configuration list for PBXProject "Flix" */;
			compatibilityVersion = "Xcode 9.3";
			developmentRegion = en;
			hasScannedForEncodings = 0;
			knownRegions = (
				en,
				Base,
			);
			mainGroup = 0603485922C3ECE9005350E2;
			productRefGroup = 0603486322C3ECE9005350E2 /* Products */;
			projectDirPath = "";
			projectRoot = "";
			targets = (
				0603486122C3ECE9005350E2 /* Flix */,
				0603487922C3ECEA005350E2 /* FlixTests */,
				0603488422C3ECEA005350E2 /* FlixUITests */,
			);
		};
/* End PBXProject section */

/* Begin PBXResourcesBuildPhase section */
		0603486022C3ECE9005350E2 /* Resources */ = {
			isa = PBXResourcesBuildPhase;
			buildActionMask = 2147483647;
			files = (
				0603487222C3ECEA005350E2 /* LaunchScreen.storyboard in Resources */,
				0603486F22C3ECEA005350E2 /* Assets.xcassets in Resources */,
				0603486D22C3ECE9005350E2 /* Main.storyboard in Resources */,
			);
			runOnlyForDeploymentPostprocessing = 0;
		};
		0603487822C3ECEA005350E2 /* Resources */ = {
			isa = PBXResourcesBuildPhase;
			buildActionMask = 2147483647;
			files = (
			);
			runOnlyForDeploymentPostprocessing = 0;
		};
		0603488322C3ECEA005350E2 /* Resources */ = {
			isa = PBXResourcesBuildPhase;
			buildActionMask = 2147483647;
			files = (
			);
			runOnlyForDeploymentPostprocessing = 0;
		};
/* End PBXResourcesBuildPhase section */

/* Begin PBXSourcesBuildPhase section */
		0603485E22C3ECE9005350E2 /* Sources */ = {
			isa = PBXSourcesBuildPhase;
			buildActionMask = 2147483647;
			files = (
				0603486A22C3ECE9005350E2 /* ViewController.m in Sources */,
				0603487522C3ECEA005350E2 /* main.m in Sources */,
				0603486722C3ECE9005350E2 /* AppDelegate.m in Sources */,
			);
			runOnlyForDeploymentPostprocessing = 0;
		};
		0603487622C3ECEA005350E2 /* Sources */ = {
			isa = PBXSourcesBuildPhase;
			buildActionMask = 2147483647;
			files = (
				0603487F22C3ECEA005350E2 /* FlixTests.m in Sources */,
			);
			runOnlyForDeploymentPostprocessing = 0;
		};
		0603488122C3ECEA005350E2 /* Sources */ = {
			isa = PBXSourcesBuildPhase;
			buildActionMask = 2147483647;
			files = (
				0603488A22C3ECEA005350E2 /* FlixUITests.m in Sources */,
			);
			runOnlyForDeploymentPostprocessing = 0;
		};
/* End PBXSourcesBuildPhase section */

/* Begin PBXTargetDependency section */
		0603487C22C3ECEA005350E2 /* PBXTargetDependency */ = {
			isa = PBXTargetDependency;
			target = 0603486122C3ECE9005350E2 /* Flix */;
			targetProxy = 0603487B22C3ECEA005350E2 /* PBXContainerItemProxy */;
		};
		0603488722C3ECEA005350E2 /* PBXTargetDependency */ = {
			isa = PBXTargetDependency;
			target = 0603486122C3ECE9005350E2 /* Flix */;
			targetProxy = 0603488622C3ECEA005350E2 /* PBXContainerItemProxy */;
		};
/* End PBXTargetDependency section */

/* Begin PBXVariantGroup section */
		0603486B22C3ECE9005350E2 /* Main.storyboard */ = {
			isa = PBXVariantGroup;
			children = (
				0603486C22C3ECE9005350E2 /* Base */,
			);
			name = Main.storyboard;
			sourceTree = "<group>";
		};
		0603487022C3ECEA005350E2 /* LaunchScreen.storyboard */ = {
			isa = PBXVariantGroup;
			children = (
				0603487122C3ECEA005350E2 /* Base */,
			);
			name = LaunchScreen.storyboard;
			sourceTree = "<group>";
		};
/* End PBXVariantGroup section */

/* Begin XCBuildConfiguration section */
		0603488C22C3ECEA005350E2 /* Debug */ = {
			isa = XCBuildConfiguration;
			buildSettings = {
				ALWAYS_SEARCH_USER_PATHS = NO;
				CLANG_ANALYZER_NONNULL = YES;
				CLANG_ANALYZER_NUMBER_OBJECT_CONVERSION = YES_AGGRESSIVE;
				CLANG_CXX_LANGUAGE_STANDARD = "gnu++14";
				CLANG_CXX_LIBRARY = "libc++";
				CLANG_ENABLE_MODULES = YES;
				CLANG_ENABLE_OBJC_ARC = YES;
				CLANG_ENABLE_OBJC_WEAK = YES;
				CLANG_WARN_BLOCK_CAPTURE_AUTORELEASING = YES;
				CLANG_WARN_BOOL_CONVERSION = YES;
				CLANG_WARN_COMMA = YES;
				CLANG_WARN_CONSTANT_CONVERSION = YES;
				CLANG_WARN_DEPRECATED_OBJC_IMPLEMENTATIONS = YES;
				CLANG_WARN_DIRECT_OBJC_ISA_USAGE = YES_ERROR;
				CLANG_WARN_DOCUMENTATION_COMMENTS = YES;
				CLANG_WARN_EMPTY_BODY = YES;
				CLANG_WARN_ENUM_CONVERSION = YES;
				CLANG_WARN_INFINITE_RECURSION = YES;
				CLANG_WARN_INT_CONVERSION = YES;
				CLANG_WARN_NON_LITERAL_NULL_CONVERSION = YES;
				CLANG_WARN_OBJC_IMPLICIT_RETAIN_SELF = YES;
				CLANG_WARN_OBJC_LITERAL_CONVERSION = YES;
				CLANG_WARN_OBJC_ROOT_CLASS = YES_ERROR;
				CLANG_WARN_RANGE_LOOP_ANALYSIS = YES;
				CLANG_WARN_STRICT_PROTOTYPES = YES;
				CLANG_WARN_SUSPICIOUS_MOVE = YES;
				CLANG_WARN_UNGUARDED_AVAILABILITY = YES_AGGRESSIVE;
				CLANG_WARN_UNREACHABLE_CODE = YES;
				CLANG_WARN__DUPLICATE_METHOD_MATCH = YES;
				CODE_SIGN_IDENTITY = "iPhone Developer";
				COPY_PHASE_STRIP = NO;
				DEBUG_INFORMATION_FORMAT = dwarf;
				ENABLE_STRICT_OBJC_MSGSEND = YES;
				ENABLE_TESTABILITY = YES;
				GCC_C_LANGUAGE_STANDARD = gnu11;
				GCC_DYNAMIC_NO_PIC = NO;
				GCC_NO_COMMON_BLOCKS = YES;
				GCC_OPTIMIZATION_LEVEL = 0;
				GCC_PREPROCESSOR_DEFINITIONS = (
					"DEBUG=1",
					"$(inherited)",
				);
				GCC_WARN_64_TO_32_BIT_CONVERSION = YES;
				GCC_WARN_ABOUT_RETURN_TYPE = YES_ERROR;
				GCC_WARN_UNDECLARED_SELECTOR = YES;
				GCC_WARN_UNINITIALIZED_AUTOS = YES_AGGRESSIVE;
				GCC_WARN_UNUSED_FUNCTION = YES;
				GCC_WARN_UNUSED_VARIABLE = YES;
				IPHONEOS_DEPLOYMENT_TARGET = 12.2;
				MTL_ENABLE_DEBUG_INFO = INCLUDE_SOURCE;
				MTL_FAST_MATH = YES;
				ONLY_ACTIVE_ARCH = YES;
				SDKROOT = iphoneos;
			};
			name = Debug;
		};
		0603488D22C3ECEA005350E2 /* Release */ = {
			isa = XCBuildConfiguration;
			buildSettings = {
				ALWAYS_SEARCH_USER_PATHS = NO;
				CLANG_ANALYZER_NONNULL = YES;
				CLANG_ANALYZER_NUMBER_OBJECT_CONVERSION = YES_AGGRESSIVE;
				CLANG_CXX_LANGUAGE_STANDARD = "gnu++14";
				CLANG_CXX_LIBRARY = "libc++";
				CLANG_ENABLE_MODULES = YES;
				CLANG_ENABLE_OBJC_ARC = YES;
				CLANG_ENABLE_OBJC_WEAK = YES;
				CLANG_WARN_BLOCK_CAPTURE_AUTORELEASING = YES;
				CLANG_WARN_BOOL_CONVERSION = YES;
				CLANG_WARN_COMMA = YES;
				CLANG_WARN_CONSTANT_CONVERSION = YES;
				CLANG_WARN_DEPRECATED_OBJC_IMPLEMENTATIONS = YES;
				CLANG_WARN_DIRECT_OBJC_ISA_USAGE = YES_ERROR;
				CLANG_WARN_DOCUMENTATION_COMMENTS = YES;
				CLANG_WARN_EMPTY_BODY = YES;
				CLANG_WARN_ENUM_CONVERSION = YES;
				CLANG_WARN_INFINITE_RECURSION = YES;
				CLANG_WARN_INT_CONVERSION = YES;
				CLANG_WARN_NON_LITERAL_NULL_CONVERSION = YES;
				CLANG_WARN_OBJC_IMPLICIT_RETAIN_SELF = YES;
				CLANG_WARN_OBJC_LITERAL_CONVERSION = YES;
				CLANG_WARN_OBJC_ROOT_CLASS = YES_ERROR;
				CLANG_WARN_RANGE_LOOP_ANALYSIS = YES;
				CLANG_WARN_STRICT_PROTOTYPES = YES;
				CLANG_WARN_SUSPICIOUS_MOVE = YES;
				CLANG_WARN_UNGUARDED_AVAILABILITY = YES_AGGRESSIVE;
				CLANG_WARN_UNREACHABLE_CODE = YES;
				CLANG_WARN__DUPLICATE_METHOD_MATCH = YES;
				CODE_SIGN_IDENTITY = "iPhone Developer";
				COPY_PHASE_STRIP = NO;
				DEBUG_INFORMATION_FORMAT = "dwarf-with-dsym";
				ENABLE_NS_ASSERTIONS = NO;
				ENABLE_STRICT_OBJC_MSGSEND = YES;
				GCC_C_LANGUAGE_STANDARD = gnu11;
				GCC_NO_COMMON_BLOCKS = YES;
				GCC_WARN_64_TO_32_BIT_CONVERSION = YES;
				GCC_WARN_ABOUT_RETURN_TYPE = YES_ERROR;
				GCC_WARN_UNDECLARED_SELECTOR = YES;
				GCC_WARN_UNINITIALIZED_AUTOS = YES_AGGRESSIVE;
				GCC_WARN_UNUSED_FUNCTION = YES;
				GCC_WARN_UNUSED_VARIABLE = YES;
				IPHONEOS_DEPLOYMENT_TARGET = 12.2;
				MTL_ENABLE_DEBUG_INFO = NO;
				MTL_FAST_MATH = YES;
				SDKROOT = iphoneos;
				VALIDATE_PRODUCT = YES;
			};
			name = Release;
		};
		0603488F22C3ECEA005350E2 /* Debug */ = {
			isa = XCBuildConfiguration;
			buildSettings = {
				ASSETCATALOG_COMPILER_APPICON_NAME = AppIcon;
				CODE_SIGN_STYLE = Automatic;
				DEVELOPMENT_TEAM = NWVD29HXAU;
				INFOPLIST_FILE = Flix/Info.plist;
				LD_RUNPATH_SEARCH_PATHS = (
					"$(inherited)",
					"@executable_path/Frameworks",
				);
				PRODUCT_BUNDLE_IDENTIFIER = com.ezietz.Flix;
				PRODUCT_NAME = "$(TARGET_NAME)";
				TARGETED_DEVICE_FAMILY = "1,2";
			};
			name = Debug;
		};
		0603489022C3ECEA005350E2 /* Release */ = {
			isa = XCBuildConfiguration;
			buildSettings = {
				ASSETCATALOG_COMPILER_APPICON_NAME = AppIcon;
				CODE_SIGN_STYLE = Automatic;
				DEVELOPMENT_TEAM = NWVD29HXAU;
				INFOPLIST_FILE = Flix/Info.plist;
				LD_RUNPATH_SEARCH_PATHS = (
					"$(inherited)",
					"@executable_path/Frameworks",
				);
				PRODUCT_BUNDLE_IDENTIFIER = com.ezietz.Flix;
				PRODUCT_NAME = "$(TARGET_NAME)";
				TARGETED_DEVICE_FAMILY = "1,2";
			};
			name = Release;
		};
		0603489222C3ECEA005350E2 /* Debug */ = {
			isa = XCBuildConfiguration;
			buildSettings = {
				BUNDLE_LOADER = "$(TEST_HOST)";
				CODE_SIGN_STYLE = Automatic;
				DEVELOPMENT_TEAM = NWVD29HXAU;
				INFOPLIST_FILE = FlixTests/Info.plist;
				LD_RUNPATH_SEARCH_PATHS = (
					"$(inherited)",
					"@executable_path/Frameworks",
					"@loader_path/Frameworks",
				);
				PRODUCT_BUNDLE_IDENTIFIER = com.ezietz.FlixTests;
				PRODUCT_NAME = "$(TARGET_NAME)";
				TARGETED_DEVICE_FAMILY = "1,2";
				TEST_HOST = "$(BUILT_PRODUCTS_DIR)/Flix.app/Flix";
			};
			name = Debug;
		};
		0603489322C3ECEA005350E2 /* Release */ = {
			isa = XCBuildConfiguration;
			buildSettings = {
				BUNDLE_LOADER = "$(TEST_HOST)";
				CODE_SIGN_STYLE = Automatic;
				DEVELOPMENT_TEAM = NWVD29HXAU;
				INFOPLIST_FILE = FlixTests/Info.plist;
				LD_RUNPATH_SEARCH_PATHS = (
					"$(inherited)",
					"@executable_path/Frameworks",
					"@loader_path/Frameworks",
				);
				PRODUCT_BUNDLE_IDENTIFIER = com.ezietz.FlixTests;
				PRODUCT_NAME = "$(TARGET_NAME)";
				TARGETED_DEVICE_FAMILY = "1,2";
				TEST_HOST = "$(BUILT_PRODUCTS_DIR)/Flix.app/Flix";
			};
			name = Release;
		};
		0603489522C3ECEA005350E2 /* Debug */ = {
			isa = XCBuildConfiguration;
			buildSettings = {
				CODE_SIGN_STYLE = Automatic;
				DEVELOPMENT_TEAM = NWVD29HXAU;
				INFOPLIST_FILE = FlixUITests/Info.plist;
				LD_RUNPATH_SEARCH_PATHS = (
					"$(inherited)",
					"@executable_path/Frameworks",
					"@loader_path/Frameworks",
				);
				PRODUCT_BUNDLE_IDENTIFIER = com.ezietz.FlixUITests;
				PRODUCT_NAME = "$(TARGET_NAME)";
				TARGETED_DEVICE_FAMILY = "1,2";
				TEST_TARGET_NAME = Flix;
			};
			name = Debug;
		};
		0603489622C3ECEA005350E2 /* Release */ = {
			isa = XCBuildConfiguration;
			buildSettings = {
				CODE_SIGN_STYLE = Automatic;
				DEVELOPMENT_TEAM = NWVD29HXAU;
				INFOPLIST_FILE = FlixUITests/Info.plist;
				LD_RUNPATH_SEARCH_PATHS = (
					"$(inherited)",
					"@executable_path/Frameworks",
					"@loader_path/Frameworks",
				);
				PRODUCT_BUNDLE_IDENTIFIER = com.ezietz.FlixUITests;
				PRODUCT_NAME = "$(TARGET_NAME)";
				TARGETED_DEVICE_FAMILY = "1,2";
				TEST_TARGET_NAME = Flix;
			};
			name = Release;
		};
/* End XCBuildConfiguration section */

/* Begin XCConfigurationList section */
		0603485D22C3ECE9005350E2 /* Build configuration list for PBXProject "Flix" */ = {
			isa = XCConfigurationList;
			buildConfigurations = (
				0603488C22C3ECEA005350E2 /* Debug */,
				0603488D22C3ECEA005350E2 /* Release */,
			);
			defaultConfigurationIsVisible = 0;
			defaultConfigurationName = Release;
		};
		0603488E22C3ECEA005350E2 /* Build configuration list for PBXNativeTarget "Flix" */ = {
			isa = XCConfigurationList;
			buildConfigurations = (
				0603488F22C3ECEA005350E2 /* Debug */,
				0603489022C3ECEA005350E2 /* Release */,
			);
			defaultConfigurationIsVisible = 0;
			defaultConfigurationName = Release;
		};
		0603489122C3ECEA005350E2 /* Build configuration list for PBXNativeTarget "FlixTests" */ = {
			isa = XCConfigurationList;
			buildConfigurations = (
				0603489222C3ECEA005350E2 /* Debug */,
				0603489322C3ECEA005350E2 /* Release */,
			);
			defaultConfigurationIsVisible = 0;
			defaultConfigurationName = Release;
		};
		0603489422C3ECEA005350E2 /* Build configuration list for PBXNativeTarget "FlixUITests" */ = {
			isa = XCConfigurationList;
			buildConfigurations = (
				0603489522C3ECEA005350E2 /* Debug */,
				0603489622C3ECEA005350E2 /* Release */,
			);
			defaultConfigurationIsVisible = 0;
			defaultConfigurationName = Release;
		};
/* End XCConfigurationList section */
	};
	rootObject = 0603485A22C3ECE9005350E2 /* Project object */;
}
